
Microsoft Visual Studio Solution File, Format Version 12.00
Project("{FAE04EC0-301F-11D3-BF4B-00C04F79EFBC}") = "SmsProvider", "SmsProvider\SmsProvider.csproj", "{F941C026-79B6-4ACE-8D56-3CD6AD9CA1AE}"
EndProject
Global
	GlobalSection(SolutionConfigurationPlatforms) = preSolution
		Debug|Any CPU = Debug|Any CPU
		Release|Any CPU = Release|Any CPU
	EndGlobalSection
	GlobalSection(ProjectConfigurationPlatforms) = postSolution
		{F941C026-79B6-4ACE-8D56-3CD6AD9CA1AE}.Debug|Any CPU.ActiveCfg = Debug|Any CPU
		{F941C026-79B6-4ACE-8D56-3CD6AD9CA1AE}.Debug|Any CPU.Build.0 = Debug|Any CPU
		{F941C026-79B6-4ACE-8D56-3CD6AD9CA1AE}.Release|Any CPU.ActiveCfg = Release|Any CPU
		{F941C026-79B6-4ACE-8D56-3CD6AD9CA1AE}.Release|Any CPU.Build.0 = Release|Any CPU
	EndGlobalSection
EndGlobal
